<?xml version="1.0" encoding="utf-8"?>
<Project ToolsVersion="4.0" xmlns="http://schemas.microsoft.com/developer/msbuild/2003">
  <ItemGroup>
    <Filter Include="Source Files">
      <UniqueIdentifier>{4FC737F1-C7A5-4376-A066-2A32D752A2FF}</UniqueIdentifier>
      <Extensions>cpp;c;cc;cxx;c++;cppm;ixx;def;odl;idl;hpj;bat;asm;asmx</Extensions>
    </Filter>
    <Filter Include="Header Files">
      <UniqueIdentifier>{93995380-89BD-4b04-88EB-625FBE52EBFB}</UniqueIdentifier>
      <Extensions>h;hh;hpp;hxx;h++;hm;inl;inc;ipp;xsd</Extensions>
    </Filter>
    <Filter Include="Resource Files">
      <UniqueIdentifier>{67DA6AB6-F800-4c08-8B7A-83BB121AAD01}</UniqueIdentifier>
      <Extensions>rc;ico;cur;bmp;dlg;rc2;rct;bin;rgs;gif;jpg;jpeg;jpe;resx;tiff;tif;png;wav;mfcribbon-ms</Extensions>
    </Filter>
    <Filter Include="Header Files\Networking">
      <UniqueIdentifier>{cc295033-dfa6-420f-8b46-f54b46e3acee}</UniqueIdentifier>
    </Filter>
    <Filter Include="Header Files\Networking\Sockets">
      <UniqueIdentifier>{09dcf86e-de96-4841-81fb-b5e26e0cae1b}</UniqueIdentifier>
    </Filter>
    <Filter Include="Source Files\Networking">
      <UniqueIdentifier>{dd6bf7d8-2761-4563-8fa0-b71f0285cc33}</UniqueIdentifier>
    </Filter>
    <Filter Include="Source Files\Networking\Sockets">
      <UniqueIdentifier>{2a0532e0-f14c-4f99-9671-2fe963ed1d76}</UniqueIdentifier>
    </Filter>
  </ItemGroup>
  <ItemGroup>
    <ClCompile Include="main.cpp">
      <Filter>Source Files</Filter>
    </ClCompile>
    <ClCompile Include="SimpleSocket.cpp">
      <Filter>Source Files\Networking\Sockets</Filter>
    </ClCompile>
    <ClCompile Include="BindingSocket.cpp">
      <Filter>Source Files\Networking\Sockets</Filter>
    </ClCompile>
    <ClCompile Include="ListeningSocket.cpp">
      <Filter>Source Files\Networking\Sockets</Filter>
    </ClCompile>
  </ItemGroup>
  <ItemGroup>
    <ClInclude Include="SimpleSocket.hpp">
      <Filter>Header Files\Networking\Sockets</Filter>
    </ClInclude>
    <ClInclude Include="BindingSocket.hpp">
      <Filter>Header Files\Networking\Sockets</Filter>
    </ClInclude>
    <ClInclude Include="ListeningSocket.hpp">
      <Filter>Header Files\Networking\Sockets</Filter>
    </ClInclude>
    <ClInclude Include="cwslibc_sockets.hpp">
      <Filter>Header Files\Networking\Sockets</Filter>
    </ClInclude>
    <ClInclude Include="cwslibc_networking.hpp">
      <Filter>Header Files\Networking</Filter>
    </ClInclude>
    <ClInclude Include="cwslibc.hpp">
      <Filter>Header Files</Filter>
    </ClInclude>
  </ItemGroup>
</Project>